# THIS IS AN AUTOGENERATED FILE. DO NOT EDIT THIS FILE DIRECTLY.
# yarn lockfile v1


tunnel@0.0.2:
  version "0.0.2"
  resolved "https://registry.yarnpkg.com/tunnel/-/tunnel-0.0.2.tgz#f23bcd8b7a7b8a864261b2084f66f93193396334"
  integrity sha1-8jvNi3p7ioZCYbIIT2b5MZM5YzQ=

wget@^0.0.1:
  version "0.0.1"
  resolved "https://registry.yarnpkg.com/wget/-/wget-0.0.1.tgz#8bb81af0b8e60b5df262d3c81e5737e1f4931e53"
  integrity sha1-i7ga8LjmC13yYtPIHlc34fSTHlM=
  dependencies:
    tunnel "0.0.2"
